// !$*UTF8*$!
{
	archiveVersion = 1;
	classes = {
	};
	objectVersion = 50;
	objects = {

/* Begin PBXBuildFile section */
		C3547DF17AE202CA6E55D099 /* Pods_RecTextoApp.framework in Frameworks */ = {isa = PBXBuildFile; fileRef = B57442C836830C81C9B34EB7 /* Pods_RecTextoApp.framework */; };
		CF65A9C520C31B3E002C2903 /* AppDelegate.swift in Sources */ = {isa = PBXBuildFile; fileRef = CF65A9C420C31B3E002C2903 /* AppDelegate.swift */; };
		CF65A9C720C31B3E002C2903 /* ViewController.swift in Sources */ = {isa = PBXBuildFile; fileRef = CF65A9C620C31B3E002C2903 /* ViewController.swift */; };
		CF65A9CA20C31B3E002C2903 /* Main.storyboard in Resources */ = {isa = PBXBuildFile; fileRef = CF65A9C820C31B3E002C2903 /* Main.storyboard */; };
		CF65A9CC20C31B3F002C2903 /* Assets.xcassets in Resources */ = {isa = PBXBuildFile; fileRef = CF65A9CB20C31B3F002C2903 /* Assets.xcassets */; };
		CF65A9CF20C31B3F002C2903 /* LaunchScreen.storyboard in Resources */ = {isa = PBXBuildFile; fileRef = CF65A9CD20C31B3F002C2903 /* LaunchScreen.storyboard */; };
		CF65A9D720C31D7B002C2903 /* tessdata in Resources */ = {isa = PBXBuildFile; fileRef = CF65A9D620C31D7B002C2903 /* tessdata */; };
/* End PBXBuildFile section */

/* Begin PBXFileReference section */
		6FB639CF8771C554397D7EF2 /* Pods-RecTextoApp.debug.xcconfig */ = {isa = PBXFileReference; includeInIndex = 1; lastKnownFileType = text.xcconfig; name = "Pods-RecTextoApp.debug.xcconfig"; path = "Pods/Target Support Files/Pods-RecTextoApp/Pods-RecTextoApp.debug.xcconfig"; sourceTree = "<group>"; };
		905BF6F45A180B659E35152B /* Pods-RecTextoApp.release.xcconfig */ = {isa = PBXFileReference; includeInIndex = 1; lastKnownFileType = text.xcconfig; name = "Pods-RecTextoApp.release.xcconfig"; path = "Pods/Target Support Files/Pods-RecTextoApp/Pods-RecTextoApp.release.xcconfig"; sourceTree = "<group>"; };
		B57442C836830C81C9B34EB7 /* Pods_RecTextoApp.framework */ = {isa = PBXFileReference; explicitFileType = wrapper.framework; includeInIndex = 0; path = Pods_RecTextoApp.framework; sourceTree = BUILT_PRODUCTS_DIR; };
		CF65A9C120C31B3E002C2903 /* RecTextoApp.app */ = {isa = PBXFileReference; explicitFileType = wrapper.application; includeInIndex = 0; path = RecTextoApp.app; sourceTree = BUILT_PRODUCTS_DIR; };
		CF65A9C420C31B3E002C2903 /* AppDelegate.swift */ = {isa = PBXFileReference; lastKnownFileType = sourcecode.swift; path = AppDelegate.swift; sourceTree = "<group>"; };
		CF65A9C620C31B3E002C2903 /* ViewController.swift */ = {isa = PBXFileReference; lastKnownFileType = sourcecode.swift; path = ViewController.swift; sourceTree = "<group>"; };
		CF65A9C920C31B3E002C2903 /* Base */ = {isa = PBXFileReference; lastKnownFileType = file.storyboard; name = Base; path = Base.lproj/Main.storyboard; sourceTree = "<group>"; };
		CF65A9CB20C31B3F002C2903 /* Assets.xcassets */ = {isa = PBXFileReference; lastKnownFileType = folder.assetcatalog; path = Assets.xcassets; sourceTree = "<group>"; };
		CF65A9CE20C31B3F002C2903 /* Base */ = {isa = PBXFileReference; lastKnownFileType = file.storyboard; name = Base; path = Base.lproj/LaunchScreen.storyboard; sourceTree = "<group>"; };
		CF65A9D020C31B3F002C2903 /* Info.plist */ = {isa = PBXFileReference; lastKnownFileType = text.plist.xml; path = Info.plist; sourceTree = "<group>"; };
		CF65A9D620C31D7B002C2903 /* tessdata */ = {isa = PBXFileReference; lastKnownFileType = folder; path = tessdata; sourceTree = "<group>"; };
/* End PBXFileReference section */

/* Begin PBXFrameworksBuildPhase section */
		CF65A9BE20C31B3E002C2903 /* Frameworks */ = {
			isa = PBXFrameworksBuildPhase;
			buildActionMask = 2147483647;
			files = (
				C3547DF17AE202CA6E55D099 /* Pods_RecTextoApp.framework in Frameworks */,
			);
			runOnlyForDeploymentPostprocessing = 0;
		};
/* End PBXFrameworksBuildPhase section */

/* Begin PBXGroup section */
		27F6662E583C718FC82EE5BB /* Frameworks */ = {
			isa = PBXGroup;
			children = (
				B57442C836830C81C9B34EB7 /* Pods_RecTextoApp.framework */,
			);
			name = Frameworks;
			sourceTree = "<group>";
		};
		CF65A9B820C31B3E002C2903 = {
			isa = PBXGroup;
			children = (
				CF65A9C320C31B3E002C2903 /* RecTextoApp */,
				CF65A9C220C31B3E002C2903 /* Products */,
				F86FC4258B3B2D6D49EA8A5D /* Pods */,
				27F6662E583C718FC82EE5BB /* Frameworks */,
			);
			sourceTree = "<group>";
		};
		CF65A9C220C31B3E002C2903 /* Products */ = {
			isa = PBXGroup;
			children = (
				CF65A9C120C31B3E002C2903 /* RecTextoApp.app */,
			);
			name = Products;
			sourceTree = "<group>";
		};
		CF65A9C320C31B3E002C2903 /* RecTextoApp */ = {
			isa = PBXGroup;
			children = (
				CF65A9C420C31B3E002C2903 /* AppDelegate.swift */,
				CF65A9D620C31D7B002C2903 /* tessdata */,
				CF65A9C620C31B3E002C2903 /* ViewController.swift */,
				CF65A9C820C31B3E002C2903 /* Main.storyboard */,
				CF65A9CB20C31B3F002C2903 /* Assets.xcassets */,
				CF65A9CD20C31B3F002C2903 /* LaunchScreen.storyboard */,
				CF65A9D020C31B3F002C2903 /* Info.plist */,
			);
			path = RecTextoApp;
			sourceTree = "<group>";
		};
		F86FC4258B3B2D6D49EA8A5D /* Pods */ = {
			isa = PBXGroup;
			children = (
				6FB639CF8771C554397D7EF2 /* Pods-RecTextoApp.debug.xcconfig */,
				905BF6F45A180B659E35152B /* Pods-RecTextoApp.release.xcconfig */,
			);
			name = Pods;
			sourceTree = "<group>";
		};
/* End PBXGroup section */

/* Begin PBXNativeTarget section */
		CF65A9C020C31B3E002C2903 /* RecTextoApp */ = {
			isa = PBXNativeTarget;
			buildConfigurationList = CF65A9D320C31B3F002C2903 /* Build configuration list for PBXNativeTarget "RecTextoApp" */;
			buildPhases = (
				E0761A053CA258F1BB1913AE /* [CP] Check Pods Manifest.lock */,
				CF65A9BD20C31B3E002C2903 /* Sources */,
				CF65A9BE20C31B3E002C2903 /* Frameworks */,
				CF65A9BF20C31B3E002C2903 /* Resources */,
				6CD9A5C10003E3B76DA6E44F /* [CP] Embed Pods Frameworks */,
				D86DE0A4FD002F4A9616D17F /* [CP] Copy Pods Resources */,
			);
			buildRules = (
			);
			dependencies = (
			);
			name = RecTextoApp;
			productName = RecTextoApp;
			productReference = CF65A9C120C31B3E002C2903 /* RecTextoApp.app */;
			productType = "com.apple.product-type.application";
		};
/* End PBXNativeTarget section */

/* Begin PBXProject section */
		CF65A9B920C31B3E002C2903 /* Project object */ = {
			isa = PBXProject;
			attributes = {
				LastSwiftUpdateCheck = 0930;
				LastUpgradeCheck = 0930;
				ORGANIZATIONNAME = "jesus jimenez";
				TargetAttributes = {
					CF65A9C020C31B3E002C2903 = {
						CreatedOnToolsVersion = 9.3;
					};
				};
			};
			buildConfigurationList = CF65A9BC20C31B3E002C2903 /* Build configuration list for PBXProject "RecTextoApp" */;
			compatibilityVersion = "Xcode 9.3";
			developmentRegion = en;
			hasScannedForEncodings = 0;
			knownRegions = (
				en,
				Base,
			);
			mainGroup = CF65A9B820C31B3E002C2903;
			productRefGroup = CF65A9C220C31B3E002C2903 /* Products */;
			projectDirPath = "";
			projectRoot = "";
			targets = (
				CF65A9C020C31B3E002C2903 /* RecTextoApp */,
			);
		};
/* End PBXProject section */

/* Begin PBXResourcesBuildPhase section */
		CF65A9BF20C31B3E002C2903 /* Resources */ = {
			isa = PBXResourcesBuildPhase;
			buildActionMask = 2147483647;
			files = (
				CF65A9CF20C31B3F002C2903 /* LaunchScreen.storyboard in Resources */,
				CF65A9D720C31D7B002C2903 /* tessdata in Resources */,
				CF65A9CC20C31B3F002C2903 /* Assets.xcassets in Resources */,
				CF65A9CA20C31B3E002C2903 /* Main.storyboard in Resources */,
			);
			runOnlyForDeploymentPostprocessing = 0;
		};
/* End PBXResourcesBuildPhase section */

/* Begin PBXShellScriptBuildPhase section */
		6CD9A5C10003E3B76DA6E44F /* [CP] Embed Pods Frameworks */ = {
			isa = PBXShellScriptBuildPhase;
			buildActionMask = 2147483647;
			files = (
			);
			inputPaths = (
				"${SRCROOT}/Pods/Target Support Files/Pods-RecTextoApp/Pods-RecTextoApp-frameworks.sh",
				"${BUILT_PRODUCTS_DIR}/TesseractOCRiOS/TesseractOCR.framework",
			);
			name = "[CP] Embed Pods Frameworks";
			outputPaths = (
				"${TARGET_BUILD_DIR}/${FRAMEWORKS_FOLDER_PATH}/TesseractOCR.framework",
			);
			runOnlyForDeploymentPostprocessing = 0;
			shellPath = /bin/sh;
			shellScript = "\"${SRCROOT}/Pods/Target Support Files/Pods-RecTextoApp/Pods-RecTextoApp-frameworks.sh\"\n";
			showEnvVarsInLog = 0;
		};
		D86DE0A4FD002F4A9616D17F /* [CP] Copy Pods Resources */ = {
			isa = PBXShellScriptBuildPhase;
			buildActionMask = 2147483647;
			files = (
			);
			inputPaths = (
			);
			name = "[CP] Copy Pods Resources";
			outputPaths = (
			);
			runOnlyForDeploymentPostprocessing = 0;
			shellPath = /bin/sh;
			shellScript = "\"${SRCROOT}/Pods/Target Support Files/Pods-RecTextoApp/Pods-RecTextoApp-resources.sh\"\n";
			showEnvVarsInLog = 0;
		};
		E0761A053CA258F1BB1913AE /* [CP] Check Pods Manifest.lock */ = {
			isa = PBXShellScriptBuildPhase;
			buildActionMask = 2147483647;
			files = (
			);
			inputPaths = (
				"${PODS_PODFILE_DIR_PATH}/Podfile.lock",
				"${PODS_ROOT}/Manifest.lock",
			);
			name = "[CP] Check Pods Manifest.lock";
			outputPaths = (
				"$(DERIVED_FILE_DIR)/Pods-RecTextoApp-checkManifestLockResult.txt",
			);
			runOnlyForDeploymentPostprocessing = 0;
			shellPath = /bin/sh;
			shellScript = "diff \"${PODS_PODFILE_DIR_PATH}/Podfile.lock\" \"${PODS_ROOT}/Manifest.lock\" > /dev/null\nif [ $? != 0 ] ; then\n    # print error to STDERR\n    echo \"error: The sandbox is not in sync with the Podfile.lock. Run 'pod install' or update your CocoaPods installation.\" >&2\n    exit 1\nfi\n# This output is used by Xcode 'outputs' to avoid re-running this script phase.\necho \"SUCCESS\" > \"${SCRIPT_OUTPUT_FILE_0}\"\n";
			showEnvVarsInLog = 0;
		};
/* End PBXShellScriptBuildPhase section */

/* Begin PBXSourcesBuildPhase section */
		CF65A9BD20C31B3E002C2903 /* Sources */ = {
			isa = PBXSourcesBuildPhase;
			buildActionMask = 2147483647;
			files = (
				CF65A9C720C31B3E002C2903 /* ViewController.swift in Sources */,
				CF65A9C520C31B3E002C2903 /* AppDelegate.swift in Sources */,
			);
			runOnlyForDeploymentPostprocessing = 0;
		};
/* End PBXSourcesBuildPhase section */

/* Begin PBXVariantGroup section */
		CF65A9C820C31B3E002C2903 /* Main.storyboard */ = {
			isa = PBXVariantGroup;
			children = (
				CF65A9C920C31B3E002C2903 /* Base */,
			);
			name = Main.storyboard;
			sourceTree = "<group>";
		};
		CF65A9CD20C31B3F002C2903 /* LaunchScreen.storyboard */ = {
			isa = PBXVariantGroup;
			children = (
				CF65A9CE20C31B3F002C2903 /* Base */,
			);
			name = LaunchScreen.storyboard;
			sourceTree = "<group>";
		};
/* End PBXVariantGroup section */

/* Begin XCBuildConfiguration section */
		CF65A9D120C31B3F002C2903 /* Debug */ = {
			isa = XCBuildConfiguration;
			buildSettings = {
				ALWAYS_SEARCH_USER_PATHS = NO;
				CLANG_ANALYZER_NONNULL = YES;
				CLANG_ANALYZER_NUMBER_OBJECT_CONVERSION = YES_AGGRESSIVE;
				CLANG_CXX_LANGUAGE_STANDARD = "gnu++14";
				CLANG_CXX_LIBRARY = "libc++";
				CLANG_ENABLE_MODULES = YES;
				CLANG_ENABLE_OBJC_ARC = YES;
				CLANG_ENABLE_OBJC_WEAK = YES;
				CLANG_WARN_BLOCK_CAPTURE_AUTORELEASING = YES;
				CLANG_WARN_BOOL_CONVERSION = YES;
				CLANG_WARN_COMMA = YES;
				CLANG_WARN_CONSTANT_CONVERSION = YES;
				CLANG_WARN_DEPRECATED_OBJC_IMPLEMENTATIONS = YES;
				CLANG_WARN_DIRECT_OBJC_ISA_USAGE = YES_ERROR;
				CLANG_WARN_DOCUMENTATION_COMMENTS = YES;
				CLANG_WARN_EMPTY_BODY = YES;
				CLANG_WARN_ENUM_CONVERSION = YES;
				CLANG_WARN_INFINITE_RECURSION = YES;
				CLANG_WARN_INT_CONVERSION = YES;
				CLANG_WARN_NON_LITERAL_NULL_CONVERSION = YES;
				CLANG_WARN_OBJC_IMPLICIT_RETAIN_SELF = YES;
				CLANG_WARN_OBJC_LITERAL_CONVERSION = YES;
				CLANG_WARN_OBJC_ROOT_CLASS = YES_ERROR;
				CLANG_WARN_RANGE_LOOP_ANALYSIS = YES;
				CLANG_WARN_STRICT_PROTOTYPES = YES;
				CLANG_WARN_SUSPICIOUS_MOVE = YES;
				CLANG_WARN_UNGUARDED_AVAILABILITY = YES_AGGRESSIVE;
				CLANG_WARN_UNREACHABLE_CODE = YES;
				CLANG_WARN__DUPLICATE_METHOD_MATCH = YES;
				CODE_SIGN_IDENTITY = "iPhone Developer";
				COPY_PHASE_STRIP = NO;
				DEBUG_INFORMATION_FORMAT = dwarf;
				ENABLE_STRICT_OBJC_MSGSEND = YES;
				ENABLE_TESTABILITY = YES;
				GCC_C_LANGUAGE_STANDARD = gnu11;
				GCC_DYNAMIC_NO_PIC = NO;
				GCC_NO_COMMON_BLOCKS = YES;
				GCC_OPTIMIZATION_LEVEL = 0;
				GCC_PREPROCESSOR_DEFINITIONS = (
					"DEBUG=1",
					"$(inherited)",
				);
				GCC_WARN_64_TO_32_BIT_CONVERSION = YES;
				GCC_WARN_ABOUT_RETURN_TYPE = YES_ERROR;
				GCC_WARN_UNDECLARED_SELECTOR = YES;
				GCC_WARN_UNINITIALIZED_AUTOS = YES_AGGRESSIVE;
				GCC_WARN_UNUSED_FUNCTION = YES;
				GCC_WARN_UNUSED_VARIABLE = YES;
				IPHONEOS_DEPLOYMENT_TARGET = 11.3;
				MTL_ENABLE_DEBUG_INFO = YES;
				ONLY_ACTIVE_ARCH = YES;
				SDKROOT = iphoneos;
				SWIFT_ACTIVE_COMPILATION_CONDITIONS = DEBUG;
				SWIFT_OPTIMIZATION_LEVEL = "-Onone";
			};
			name = Debug;
		};
		CF65A9D220C31B3F002C2903 /* Release */ = {
			isa = XCBuildConfiguration;
			buildSettings = {
				ALWAYS_SEARCH_USER_PATHS = NO;
				CLANG_ANALYZER_NONNULL = YES;
				CLANG_ANALYZER_NUMBER_OBJECT_CONVERSION = YES_AGGRESSIVE;
				CLANG_CXX_LANGUAGE_STANDARD = "gnu++14";
				CLANG_CXX_LIBRARY = "libc++";
				CLANG_ENABLE_MODULES = YES;
				CLANG_ENABLE_OBJC_ARC = YES;
				CLANG_ENABLE_OBJC_WEAK = YES;
				CLANG_WARN_BLOCK_CAPTURE_AUTORELEASING = YES;
				CLANG_WARN_BOOL_CONVERSION = YES;
				CLANG_WARN_COMMA = YES;
				CLANG_WARN_CONSTANT_CONVERSION = YES;
				CLANG_WARN_DEPRECATED_OBJC_IMPLEMENTATIONS = YES;
				CLANG_WARN_DIRECT_OBJC_ISA_USAGE = YES_ERROR;
				CLANG_WARN_DOCUMENTATION_COMMENTS = YES;
				CLANG_WARN_EMPTY_BODY = YES;
				CLANG_WARN_ENUM_CONVERSION = YES;
				CLANG_WARN_INFINITE_RECURSION = YES;
				CLANG_WARN_INT_CONVERSION = YES;
				CLANG_WARN_NON_LITERAL_NULL_CONVERSION = YES;
				CLANG_WARN_OBJC_IMPLICIT_RETAIN_SELF = YES;
				CLANG_WARN_OBJC_LITERAL_CONVERSION = YES;
				CLANG_WARN_OBJC_ROOT_CLASS = YES_ERROR;
				CLANG_WARN_RANGE_LOOP_ANALYSIS = YES;
				CLANG_WARN_STRICT_PROTOTYPES = YES;
				CLANG_WARN_SUSPICIOUS_MOVE = YES;
				CLANG_WARN_UNGUARDED_AVAILABILITY = YES_AGGRESSIVE;
				CLANG_WARN_UNREACHABLE_CODE = YES;
				CLANG_WARN__DUPLICATE_METHOD_MATCH = YES;
				CODE_SIGN_IDENTITY = "iPhone Developer";
				COPY_PHASE_STRIP = NO;
				DEBUG_INFORMATION_FORMAT = "dwarf-with-dsym";
				ENABLE_NS_ASSERTIONS = NO;
				ENABLE_STRICT_OBJC_MSGSEND = YES;
				GCC_C_LANGUAGE_STANDARD = gnu11;
				GCC_NO_COMMON_BLOCKS = YES;
				GCC_WARN_64_TO_32_BIT_CONVERSION = YES;
				GCC_WARN_ABOUT_RETURN_TYPE = YES_ERROR;
				GCC_WARN_UNDECLARED_SELECTOR = YES;
				GCC_WARN_UNINITIALIZED_AUTOS = YES_AGGRESSIVE;
				GCC_WARN_UNUSED_FUNCTION = YES;
				GCC_WARN_UNUSED_VARIABLE = YES;
				IPHONEOS_DEPLOYMENT_TARGET = 11.3;
				MTL_ENABLE_DEBUG_INFO = NO;
				SDKROOT = iphoneos;
				SWIFT_COMPILATION_MODE = wholemodule;
				SWIFT_OPTIMIZATION_LEVEL = "-O";
				VALIDATE_PRODUCT = YES;
			};
			name = Release;
		};
		CF65A9D420C31B3F002C2903 /* Debug */ = {
			isa = XCBuildConfiguration;
			baseConfigurationReference = 6FB639CF8771C554397D7EF2 /* Pods-RecTextoApp.debug.xcconfig */;
			buildSettings = {
				ASSETCATALOG_COMPILER_APPICON_NAME = AppIcon;
				CODE_SIGN_STYLE = Automatic;
				DEVELOPMENT_TEAM = WQWRXX9PHB;
				ENABLE_BITCODE = NO;
				INFOPLIST_FILE = RecTextoApp/Info.plist;
				LD_RUNPATH_SEARCH_PATHS = (
					"$(inherited)",
					"@executable_path/Frameworks",
				);
				PRODUCT_BUNDLE_IDENTIFIER = com.jesus;
				PRODUCT_NAME = "$(TARGET_NAME)";
				SWIFT_VERSION = 4.0;
				TARGETED_DEVICE_FAMILY = "1,2";
			};
			name = Debug;
		};
		CF65A9D520C31B3F002C2903 /* Release */ = {
			isa = XCBuildConfiguration;
			baseConfigurationReference = 905BF6F45A180B659E35152B /* Pods-RecTextoApp.release.xcconfig */;
			buildSettings = {
				ASSETCATALOG_COMPILER_APPICON_NAME = AppIcon;
				CODE_SIGN_STYLE = Automatic;
				DEVELOPMENT_TEAM = WQWRXX9PHB;
				ENABLE_BITCODE = NO;
				INFOPLIST_FILE = RecTextoApp/Info.plist;
				LD_RUNPATH_SEARCH_PATHS = (
					"$(inherited)",
					"@executable_path/Frameworks",
				);
				PRODUCT_BUNDLE_IDENTIFIER = com.jesus;
				PRODUCT_NAME = "$(TARGET_NAME)";
				SWIFT_VERSION = 4.0;
				TARGETED_DEVICE_FAMILY = "1,2";
			};
			name = Release;
		};
/* End XCBuildConfiguration section */

/* Begin XCConfigurationList section */
		CF65A9BC20C31B3E002C2903 /* Build configuration list for PBXProject "RecTextoApp" */ = {
			isa = XCConfigurationList;
			buildConfigurations = (
				CF65A9D120C31B3F002C2903 /* Debug */,
				CF65A9D220C31B3F002C2903 /* Release */,
			);
			defaultConfigurationIsVisible = 0;
			defaultConfigurationName = Release;
		};
		CF65A9D320C31B3F002C2903 /* Build configuration list for PBXNativeTarget "RecTextoApp" */ = {
			isa = XCConfigurationList;
			buildConfigurations = (
				CF65A9D420C31B3F002C2903 /* Debug */,
				CF65A9D520C31B3F002C2903 /* Release */,
			);
			defaultConfigurationIsVisible = 0;
			defaultConfigurationName = Release;
		};
/* End XCConfigurationList section */
	};
	rootObject = CF65A9B920C31B3E002C2903 /* Project object */;
}
